
Microsoft Visual Studio Solution File, Format Version 12.00
# Visual Studio Version 17
VisualStudioVersion = 17.0.31919.166
MinimumVisualStudioVersion = 10.0.40219.1
Project("{9A19103F-16F7-4668-BE54-9A1E7A4F7556}") = "DayFive", "DayFive.csproj", "{1A3EA86E-ED3C-4B19-9E94-0EE883597324}"
EndProject
Project("{FAE04EC0-301F-11D3-BF4B-00C04F79EFBC}") = "TestProject1", "..\TestProject1\TestProject1.csproj", "{D46E45E3-2104-4A0B-BF0B-C2F5F769101A}"
EndProject
Global
	GlobalSection(SolutionConfigurationPlatforms) = preSolution
		Debug|Any CPU = Debug|Any CPU
		Release|Any CPU = Release|Any CPU
	EndGlobalSection
	GlobalSection(ProjectConfigurationPlatforms) = postSolution
		{1A3EA86E-ED3C-4B19-9E94-0EE883597324}.Debug|Any CPU.ActiveCfg = Debug|Any CPU
		{1A3EA86E-ED3C-4B19-9E94-0EE883597324}.Debug|Any CPU.Build.0 = Debug|Any CPU
		{1A3EA86E-ED3C-4B19-9E94-0EE883597324}.Release|Any CPU.ActiveCfg = Release|Any CPU
		{1A3EA86E-ED3C-4B19-9E94-0EE883597324}.Release|Any CPU.Build.0 = Release|Any CPU
		{D46E45E3-2104-4A0B-BF0B-C2F5F769101A}.Debug|Any CPU.ActiveCfg = Debug|Any CPU
		{D46E45E3-2104-4A0B-BF0B-C2F5F769101A}.Debug|Any CPU.Build.0 = Debug|Any CPU
		{D46E45E3-2104-4A0B-BF0B-C2F5F769101A}.Release|Any CPU.ActiveCfg = Release|Any CPU
		{D46E45E3-2104-4A0B-BF0B-C2F5F769101A}.Release|Any CPU.Build.0 = Release|Any CPU
	EndGlobalSection
	GlobalSection(SolutionProperties) = preSolution
		HideSolutionNode = FALSE
	EndGlobalSection
	GlobalSection(ExtensibilityGlobals) = postSolution
		SolutionGuid = {57465C4D-536A-406F-8156-D1BD3C3C67BC}
	EndGlobalSection
EndGlobal
